
Microsoft Visual Studio Solution File, Format Version 12.00
# Visual Studio Version 17
VisualStudioVersion = 17.2.32616.157
MinimumVisualStudioVersion = 10.0.40219.1
Project("{FAE04EC0-301F-11D3-BF4B-00C04F79EFBC}") = "ALX.Common.WCF", "ALX.Common.WCF.csproj", "{D57DC937-F36E-4DB2-BCD9-0A3AB7B1151B}"
EndProject
Global
	GlobalSection(SolutionConfigurationPlatforms) = preSolution
		Debug|Any CPU = Debug|Any CPU
		Release|Any CPU = Release|Any CPU
	EndGlobalSection
	GlobalSection(ProjectConfigurationPlatforms) = postSolution
		{D57DC937-F36E-4DB2-BCD9-0A3AB7B1151B}.Debug|Any CPU.ActiveCfg = Debug|Any CPU
		{D57DC937-F36E-4DB2-BCD9-0A3AB7B1151B}.Debug|Any CPU.Build.0 = Debug|Any CPU
		{D57DC937-F36E-4DB2-BCD9-0A3AB7B1151B}.Release|Any CPU.ActiveCfg = Release|Any CPU
		{D57DC937-F36E-4DB2-BCD9-0A3AB7B1151B}.Release|Any CPU.Build.0 = Release|Any CPU
	EndGlobalSection
	GlobalSection(SolutionProperties) = preSolution
		HideSolutionNode = FALSE
	EndGlobalSection
	GlobalSection(ExtensibilityGlobals) = postSolution
		SolutionGuid = {F15C7ABA-FC63-4473-A6E1-82ACC6285242}
	EndGlobalSection
EndGlobal
